// !$*UTF8*$!
{
	archiveVersion = 1;
	classes = {
	};
	objectVersion = 56;
	objects = {

/* Begin PBXBuildFile section */
		EC94A3B929F1274600A56BFE /* AppDelegate.swift in Sources */ = {isa = PBXBuildFile; fileRef = EC94A3B829F1274600A56BFE /* AppDelegate.swift */; };
		EC94A3BB29F1274600A56BFE /* SceneDelegate.swift in Sources */ = {isa = PBXBuildFile; fileRef = EC94A3BA29F1274600A56BFE /* SceneDelegate.swift */; };
		EC94A3BD29F1274600A56BFE /* ViewController.swift in Sources */ = {isa = PBXBuildFile; fileRef = EC94A3BC29F1274600A56BFE /* ViewController.swift */; };
		EC94A3C029F1274600A56BFE /* Main.storyboard in Resources */ = {isa = PBXBuildFile; fileRef = EC94A3BE29F1274600A56BFE /* Main.storyboard */; };
		EC94A3C229F1274800A56BFE /* Assets.xcassets in Resources */ = {isa = PBXBuildFile; fileRef = EC94A3C129F1274800A56BFE /* Assets.xcassets */; };
		EC94A3C529F1274800A56BFE /* LaunchScreen.storyboard in Resources */ = {isa = PBXBuildFile; fileRef = EC94A3C329F1274800A56BFE /* LaunchScreen.storyboard */; };
		EC94A3D029F1274800A56BFE /* practice1Tests.swift in Sources */ = {isa = PBXBuildFile; fileRef = EC94A3CF29F1274800A56BFE /* practice1Tests.swift */; };
		EC94A3DA29F1274800A56BFE /* practice1UITests.swift in Sources */ = {isa = PBXBuildFile; fileRef = EC94A3D929F1274800A56BFE /* practice1UITests.swift */; };
		EC94A3DC29F1274800A56BFE /* practice1UITestsLaunchTests.swift in Sources */ = {isa = PBXBuildFile; fileRef = EC94A3DB29F1274800A56BFE /* practice1UITestsLaunchTests.swift */; };
/* End PBXBuildFile section */

/* Begin PBXContainerItemProxy section */
		EC94A3CC29F1274800A56BFE /* PBXContainerItemProxy */ = {
			isa = PBXContainerItemProxy;
			containerPortal = EC94A3AD29F1274600A56BFE /* Project object */;
			proxyType = 1;
			remoteGlobalIDString = EC94A3B429F1274600A56BFE;
			remoteInfo = practice1;
		};
		EC94A3D629F1274800A56BFE /* PBXContainerItemProxy */ = {
			isa = PBXContainerItemProxy;
			containerPortal = EC94A3AD29F1274600A56BFE /* Project object */;
			proxyType = 1;
			remoteGlobalIDString = EC94A3B429F1274600A56BFE;
			remoteInfo = practice1;
		};
/* End PBXContainerItemProxy section */

/* Begin PBXFileReference section */
		EC94A3B529F1274600A56BFE /* practice1.app */ = {isa = PBXFileReference; explicitFileType = wrapper.application; includeInIndex = 0; path = practice1.app; sourceTree = BUILT_PRODUCTS_DIR; };
		EC94A3B829F1274600A56BFE /* AppDelegate.swift */ = {isa = PBXFileReference; lastKnownFileType = sourcecode.swift; path = AppDelegate.swift; sourceTree = "<group>"; };
		EC94A3BA29F1274600A56BFE /* SceneDelegate.swift */ = {isa = PBXFileReference; lastKnownFileType = sourcecode.swift; path = SceneDelegate.swift; sourceTree = "<group>"; };
		EC94A3BC29F1274600A56BFE /* ViewController.swift */ = {isa = PBXFileReference; lastKnownFileType = sourcecode.swift; path = ViewController.swift; sourceTree = "<group>"; };
		EC94A3BF29F1274600A56BFE /* Base */ = {isa = PBXFileReference; lastKnownFileType = file.storyboard; name = Base; path = Base.lproj/Main.storyboard; sourceTree = "<group>"; };
		EC94A3C129F1274800A56BFE /* Assets.xcassets */ = {isa = PBXFileReference; lastKnownFileType = folder.assetcatalog; path = Assets.xcassets; sourceTree = "<group>"; };
		EC94A3C429F1274800A56BFE /* Base */ = {isa = PBXFileReference; lastKnownFileType = file.storyboard; name = Base; path = Base.lproj/LaunchScreen.storyboard; sourceTree = "<group>"; };
		EC94A3C629F1274800A56BFE /* Info.plist */ = {isa = PBXFileReference; lastKnownFileType = text.plist.xml; path = Info.plist; sourceTree = "<group>"; };
		EC94A3CB29F1274800A56BFE /* practice1Tests.xctest */ = {isa = PBXFileReference; explicitFileType = wrapper.cfbundle; includeInIndex = 0; path = practice1Tests.xctest; sourceTree = BUILT_PRODUCTS_DIR; };
		EC94A3CF29F1274800A56BFE /* practice1Tests.swift */ = {isa = PBXFileReference; lastKnownFileType = sourcecode.swift; path = practice1Tests.swift; sourceTree = "<group>"; };
		EC94A3D529F1274800A56BFE /* practice1UITests.xctest */ = {isa = PBXFileReference; explicitFileType = wrapper.cfbundle; includeInIndex = 0; path = practice1UITests.xctest; sourceTree = BUILT_PRODUCTS_DIR; };
		EC94A3D929F1274800A56BFE /* practice1UITests.swift */ = {isa = PBXFileReference; lastKnownFileType = sourcecode.swift; path = practice1UITests.swift; sourceTree = "<group>"; };
		EC94A3DB29F1274800A56BFE /* practice1UITestsLaunchTests.swift */ = {isa = PBXFileReference; lastKnownFileType = sourcecode.swift; path = practice1UITestsLaunchTests.swift; sourceTree = "<group>"; };
/* End PBXFileReference section */

/* Begin PBXFrameworksBuildPhase section */
		EC94A3B229F1274600A56BFE /* Frameworks */ = {
			isa = PBXFrameworksBuildPhase;
			buildActionMask = 2147483647;
			files = (
			);
			runOnlyForDeploymentPostprocessing = 0;
		};
		EC94A3C829F1274800A56BFE /* Frameworks */ = {
			isa = PBXFrameworksBuildPhase;
			buildActionMask = 2147483647;
			files = (
			);
			runOnlyForDeploymentPostprocessing = 0;
		};
		EC94A3D229F1274800A56BFE /* Frameworks */ = {
			isa = PBXFrameworksBuildPhase;
			buildActionMask = 2147483647;
			files = (
			);
			runOnlyForDeploymentPostprocessing = 0;
		};
/* End PBXFrameworksBuildPhase section */

/* Begin PBXGroup section */
		EC94A3AC29F1274600A56BFE = {
			isa = PBXGroup;
			children = (
				EC94A3B729F1274600A56BFE /* practice1 */,
				EC94A3CE29F1274800A56BFE /* practice1Tests */,
				EC94A3D829F1274800A56BFE /* practice1UITests */,
				EC94A3B629F1274600A56BFE /* Products */,
			);
			sourceTree = "<group>";
		};
		EC94A3B629F1274600A56BFE /* Products */ = {
			isa = PBXGroup;
			children = (
				EC94A3B529F1274600A56BFE /* practice1.app */,
				EC94A3CB29F1274800A56BFE /* practice1Tests.xctest */,
				EC94A3D529F1274800A56BFE /* practice1UITests.xctest */,
			);
			name = Products;
			sourceTree = "<group>";
		};
		EC94A3B729F1274600A56BFE /* practice1 */ = {
			isa = PBXGroup;
			children = (
				EC94A3B829F1274600A56BFE /* AppDelegate.swift */,
				EC94A3BA29F1274600A56BFE /* SceneDelegate.swift */,
				EC94A3BC29F1274600A56BFE /* ViewController.swift */,
				EC94A3BE29F1274600A56BFE /* Main.storyboard */,
				EC94A3C129F1274800A56BFE /* Assets.xcassets */,
				EC94A3C329F1274800A56BFE /* LaunchScreen.storyboard */,
				EC94A3C629F1274800A56BFE /* Info.plist */,
			);
			path = practice1;
			sourceTree = "<group>";
		};
		EC94A3CE29F1274800A56BFE /* practice1Tests */ = {
			isa = PBXGroup;
			children = (
				EC94A3CF29F1274800A56BFE /* practice1Tests.swift */,
			);
			path = practice1Tests;
			sourceTree = "<group>";
		};
		EC94A3D829F1274800A56BFE /* practice1UITests */ = {
			isa = PBXGroup;
			children = (
				EC94A3D929F1274800A56BFE /* practice1UITests.swift */,
				EC94A3DB29F1274800A56BFE /* practice1UITestsLaunchTests.swift */,
			);
			path = practice1UITests;
			sourceTree = "<group>";
		};
/* End PBXGroup section */

/* Begin PBXNativeTarget section */
		EC94A3B429F1274600A56BFE /* practice1 */ = {
			isa = PBXNativeTarget;
			buildConfigurationList = EC94A3DF29F1274800A56BFE /* Build configuration list for PBXNativeTarget "practice1" */;
			buildPhases = (
				EC94A3B129F1274600A56BFE /* Sources */,
				EC94A3B229F1274600A56BFE /* Frameworks */,
				EC94A3B329F1274600A56BFE /* Resources */,
			);
			buildRules = (
			);
			dependencies = (
			);
			name = practice1;
			productName = practice1;
			productReference = EC94A3B529F1274600A56BFE /* practice1.app */;
			productType = "com.apple.product-type.application";
		};
		EC94A3CA29F1274800A56BFE /* practice1Tests */ = {
			isa = PBXNativeTarget;
			buildConfigurationList = EC94A3E229F1274800A56BFE /* Build configuration list for PBXNativeTarget "practice1Tests" */;
			buildPhases = (
				EC94A3C729F1274800A56BFE /* Sources */,
				EC94A3C829F1274800A56BFE /* Frameworks */,
				EC94A3C929F1274800A56BFE /* Resources */,
			);
			buildRules = (
			);
			dependencies = (
				EC94A3CD29F1274800A56BFE /* PBXTargetDependency */,
			);
			name = practice1Tests;
			productName = practice1Tests;
			productReference = EC94A3CB29F1274800A56BFE /* practice1Tests.xctest */;
			productType = "com.apple.product-type.bundle.unit-test";
		};
		EC94A3D429F1274800A56BFE /* practice1UITests */ = {
			isa = PBXNativeTarget;
			buildConfigurationList = EC94A3E529F1274800A56BFE /* Build configuration list for PBXNativeTarget "practice1UITests" */;
			buildPhases = (
				EC94A3D129F1274800A56BFE /* Sources */,
				EC94A3D229F1274800A56BFE /* Frameworks */,
				EC94A3D329F1274800A56BFE /* Resources */,
			);
			buildRules = (
			);
			dependencies = (
				EC94A3D729F1274800A56BFE /* PBXTargetDependency */,
			);
			name = practice1UITests;
			productName = practice1UITests;
			productReference = EC94A3D529F1274800A56BFE /* practice1UITests.xctest */;
			productType = "com.apple.product-type.bundle.ui-testing";
		};
/* End PBXNativeTarget section */

/* Begin PBXProject section */
		EC94A3AD29F1274600A56BFE /* Project object */ = {
			isa = PBXProject;
			attributes = {
				BuildIndependentTargetsInParallel = 1;
				LastSwiftUpdateCheck = 1410;
				LastUpgradeCheck = 1410;
				TargetAttributes = {
					EC94A3B429F1274600A56BFE = {
						CreatedOnToolsVersion = 14.1;
					};
					EC94A3CA29F1274800A56BFE = {
						CreatedOnToolsVersion = 14.1;
						TestTargetID = EC94A3B429F1274600A56BFE;
					};
					EC94A3D429F1274800A56BFE = {
						CreatedOnToolsVersion = 14.1;
						TestTargetID = EC94A3B429F1274600A56BFE;
					};
				};
			};
			buildConfigurationList = EC94A3B029F1274600A56BFE /* Build configuration list for PBXProject "practice1" */;
			compatibilityVersion = "Xcode 14.0";
			developmentRegion = en;
			hasScannedForEncodings = 0;
			knownRegions = (
				en,
				Base,
			);
			mainGroup = EC94A3AC29F1274600A56BFE;
			productRefGroup = EC94A3B629F1274600A56BFE /* Products */;
			projectDirPath = "";
			projectRoot = "";
			targets = (
				EC94A3B429F1274600A56BFE /* practice1 */,
				EC94A3CA29F1274800A56BFE /* practice1Tests */,
				EC94A3D429F1274800A56BFE /* practice1UITests */,
			);
		};
/* End PBXProject section */

/* Begin PBXResourcesBuildPhase section */
		EC94A3B329F1274600A56BFE /* Resources */ = {
			isa = PBXResourcesBuildPhase;
			buildActionMask = 2147483647;
			files = (
				EC94A3C529F1274800A56BFE /* LaunchScreen.storyboard in Resources */,
				EC94A3C229F1274800A56BFE /* Assets.xcassets in Resources */,
				EC94A3C029F1274600A56BFE /* Main.storyboard in Resources */,
			);
			runOnlyForDeploymentPostprocessing = 0;
		};
		EC94A3C929F1274800A56BFE /* Resources */ = {
			isa = PBXResourcesBuildPhase;
			buildActionMask = 2147483647;
			files = (
			);
			runOnlyForDeploymentPostprocessing = 0;
		};
		EC94A3D329F1274800A56BFE /* Resources */ = {
			isa = PBXResourcesBuildPhase;
			buildActionMask = 2147483647;
			files = (
			);
			runOnlyForDeploymentPostprocessing = 0;
		};
/* End PBXResourcesBuildPhase section */

/* Begin PBXSourcesBuildPhase section */
		EC94A3B129F1274600A56BFE /* Sources */ = {
			isa = PBXSourcesBuildPhase;
			buildActionMask = 2147483647;
			files = (
				EC94A3BD29F1274600A56BFE /* ViewController.swift in Sources */,
				EC94A3B929F1274600A56BFE /* AppDelegate.swift in Sources */,
				EC94A3BB29F1274600A56BFE /* SceneDelegate.swift in Sources */,
			);
			runOnlyForDeploymentPostprocessing = 0;
		};
		EC94A3C729F1274800A56BFE /* Sources */ = {
			isa = PBXSourcesBuildPhase;
			buildActionMask = 2147483647;
			files = (
				EC94A3D029F1274800A56BFE /* practice1Tests.swift in Sources */,
			);
			runOnlyForDeploymentPostprocessing = 0;
		};
		EC94A3D129F1274800A56BFE /* Sources */ = {
			isa = PBXSourcesBuildPhase;
			buildActionMask = 2147483647;
			files = (
				EC94A3DA29F1274800A56BFE /* practice1UITests.swift in Sources */,
				EC94A3DC29F1274800A56BFE /* practice1UITestsLaunchTests.swift in Sources */,
			);
			runOnlyForDeploymentPostprocessing = 0;
		};
/* End PBXSourcesBuildPhase section */

/* Begin PBXTargetDependency section */
		EC94A3CD29F1274800A56BFE /* PBXTargetDependency */ = {
			isa = PBXTargetDependency;
			target = EC94A3B429F1274600A56BFE /* practice1 */;
			targetProxy = EC94A3CC29F1274800A56BFE /* PBXContainerItemProxy */;
		};
		EC94A3D729F1274800A56BFE /* PBXTargetDependency */ = {
			isa = PBXTargetDependency;
			target = EC94A3B429F1274600A56BFE /* practice1 */;
			targetProxy = EC94A3D629F1274800A56BFE /* PBXContainerItemProxy */;
		};
/* End PBXTargetDependency section */

/* Begin PBXVariantGroup section */
		EC94A3BE29F1274600A56BFE /* Main.storyboard */ = {
			isa = PBXVariantGroup;
			children = (
				EC94A3BF29F1274600A56BFE /* Base */,
			);
			name = Main.storyboard;
			sourceTree = "<group>";
		};
		EC94A3C329F1274800A56BFE /* LaunchScreen.storyboard */ = {
			isa = PBXVariantGroup;
			children = (
				EC94A3C429F1274800A56BFE /* Base */,
			);
			name = LaunchScreen.storyboard;
			sourceTree = "<group>";
		};
/* End PBXVariantGroup section */

/* Begin XCBuildConfiguration section */
		EC94A3DD29F1274800A56BFE /* Debug */ = {
			isa = XCBuildConfiguration;
			buildSettings = {
				ALWAYS_SEARCH_USER_PATHS = NO;
				CLANG_ANALYZER_NONNULL = YES;
				CLANG_ANALYZER_NUMBER_OBJECT_CONVERSION = YES_AGGRESSIVE;
				CLANG_CXX_LANGUAGE_STANDARD = "gnu++20";
				CLANG_ENABLE_MODULES = YES;
				CLANG_ENABLE_OBJC_ARC = YES;
				CLANG_ENABLE_OBJC_WEAK = YES;
				CLANG_WARN_BLOCK_CAPTURE_AUTORELEASING = YES;
				CLANG_WARN_BOOL_CONVERSION = YES;
				CLANG_WARN_COMMA = YES;
				CLANG_WARN_CONSTANT_CONVERSION = YES;
				CLANG_WARN_DEPRECATED_OBJC_IMPLEMENTATIONS = YES;
				CLANG_WARN_DIRECT_OBJC_ISA_USAGE = YES_ERROR;
				CLANG_WARN_DOCUMENTATION_COMMENTS = YES;
				CLANG_WARN_EMPTY_BODY = YES;
				CLANG_WARN_ENUM_CONVERSION = YES;
				CLANG_WARN_INFINITE_RECURSION = YES;
				CLANG_WARN_INT_CONVERSION = YES;
				CLANG_WARN_NON_LITERAL_NULL_CONVERSION = YES;
				CLANG_WARN_OBJC_IMPLICIT_RETAIN_SELF = YES;
				CLANG_WARN_OBJC_LITERAL_CONVERSION = YES;
				CLANG_WARN_OBJC_ROOT_CLASS = YES_ERROR;
				CLANG_WARN_QUOTED_INCLUDE_IN_FRAMEWORK_HEADER = YES;
				CLANG_WARN_RANGE_LOOP_ANALYSIS = YES;
				CLANG_WARN_STRICT_PROTOTYPES = YES;
				CLANG_WARN_SUSPICIOUS_MOVE = YES;
				CLANG_WARN_UNGUARDED_AVAILABILITY = YES_AGGRESSIVE;
				CLANG_WARN_UNREACHABLE_CODE = YES;
				CLANG_WARN__DUPLICATE_METHOD_MATCH = YES;
				COPY_PHASE_STRIP = NO;
				DEBUG_INFORMATION_FORMAT = dwarf;
				ENABLE_STRICT_OBJC_MSGSEND = YES;
				ENABLE_TESTABILITY = YES;
				GCC_C_LANGUAGE_STANDARD = gnu11;
				GCC_DYNAMIC_NO_PIC = NO;
				GCC_NO_COMMON_BLOCKS = YES;
				GCC_OPTIMIZATION_LEVEL = 0;
				GCC_PREPROCESSOR_DEFINITIONS = (
					"DEBUG=1",
					"$(inherited)",
				);
				GCC_WARN_64_TO_32_BIT_CONVERSION = YES;
				GCC_WARN_ABOUT_RETURN_TYPE = YES_ERROR;
				GCC_WARN_UNDECLARED_SELECTOR = YES;
				GCC_WARN_UNINITIALIZED_AUTOS = YES_AGGRESSIVE;
				GCC_WARN_UNUSED_FUNCTION = YES;
				GCC_WARN_UNUSED_VARIABLE = YES;
				IPHONEOS_DEPLOYMENT_TARGET = 16.1;
				MTL_ENABLE_DEBUG_INFO = INCLUDE_SOURCE;
				MTL_FAST_MATH = YES;
				ONLY_ACTIVE_ARCH = YES;
				SDKROOT = iphoneos;
				SWIFT_ACTIVE_COMPILATION_CONDITIONS = DEBUG;
				SWIFT_OPTIMIZATION_LEVEL = "-Onone";
			};
			name = Debug;
		};
		EC94A3DE29F1274800A56BFE /* Release */ = {
			isa = XCBuildConfiguration;
			buildSettings = {
				ALWAYS_SEARCH_USER_PATHS = NO;
				CLANG_ANALYZER_NONNULL = YES;
				CLANG_ANALYZER_NUMBER_OBJECT_CONVERSION = YES_AGGRESSIVE;
				CLANG_CXX_LANGUAGE_STANDARD = "gnu++20";
				CLANG_ENABLE_MODULES = YES;
				CLANG_ENABLE_OBJC_ARC = YES;
				CLANG_ENABLE_OBJC_WEAK = YES;
				CLANG_WARN_BLOCK_CAPTURE_AUTORELEASING = YES;
				CLANG_WARN_BOOL_CONVERSION = YES;
				CLANG_WARN_COMMA = YES;
				CLANG_WARN_CONSTANT_CONVERSION = YES;
				CLANG_WARN_DEPRECATED_OBJC_IMPLEMENTATIONS = YES;
				CLANG_WARN_DIRECT_OBJC_ISA_USAGE = YES_ERROR;
				CLANG_WARN_DOCUMENTATION_COMMENTS = YES;
				CLANG_WARN_EMPTY_BODY = YES;
				CLANG_WARN_ENUM_CONVERSION = YES;
				CLANG_WARN_INFINITE_RECURSION = YES;
				CLANG_WARN_INT_CONVERSION = YES;
				CLANG_WARN_NON_LITERAL_NULL_CONVERSION = YES;
				CLANG_WARN_OBJC_IMPLICIT_RETAIN_SELF = YES;
				CLANG_WARN_OBJC_LITERAL_CONVERSION = YES;
				CLANG_WARN_OBJC_ROOT_CLASS = YES_ERROR;
				CLANG_WARN_QUOTED_INCLUDE_IN_FRAMEWORK_HEADER = YES;
				CLANG_WARN_RANGE_LOOP_ANALYSIS = YES;
				CLANG_WARN_STRICT_PROTOTYPES = YES;
				CLANG_WARN_SUSPICIOUS_MOVE = YES;
				CLANG_WARN_UNGUARDED_AVAILABILITY = YES_AGGRESSIVE;
				CLANG_WARN_UNREACHABLE_CODE = YES;
				CLANG_WARN__DUPLICATE_METHOD_MATCH = YES;
				COPY_PHASE_STRIP = NO;
				DEBUG_INFORMATION_FORMAT = "dwarf-with-dsym";
				ENABLE_NS_ASSERTIONS = NO;
				ENABLE_STRICT_OBJC_MSGSEND = YES;
				GCC_C_LANGUAGE_STANDARD = gnu11;
				GCC_NO_COMMON_BLOCKS = YES;
				GCC_WARN_64_TO_32_BIT_CONVERSION = YES;
				GCC_WARN_ABOUT_RETURN_TYPE = YES_ERROR;
				GCC_WARN_UNDECLARED_SELECTOR = YES;
				GCC_WARN_UNINITIALIZED_AUTOS = YES_AGGRESSIVE;
				GCC_WARN_UNUSED_FUNCTION = YES;
				GCC_WARN_UNUSED_VARIABLE = YES;
				IPHONEOS_DEPLOYMENT_TARGET = 16.1;
				MTL_ENABLE_DEBUG_INFO = NO;
				MTL_FAST_MATH = YES;
				SDKROOT = iphoneos;
				SWIFT_COMPILATION_MODE = wholemodule;
				SWIFT_OPTIMIZATION_LEVEL = "-O";
				VALIDATE_PRODUCT = YES;
			};
			name = Release;
		};
		EC94A3E029F1274800A56BFE /* Debug */ = {
			isa = XCBuildConfiguration;
			buildSettings = {
				ASSETCATALOG_COMPILER_APPICON_NAME = AppIcon;
				ASSETCATALOG_COMPILER_GLOBAL_ACCENT_COLOR_NAME = AccentColor;
				CODE_SIGN_STYLE = Automatic;
				CURRENT_PROJECT_VERSION = 1;
				GENERATE_INFOPLIST_FILE = YES;
				INFOPLIST_FILE = practice1/Info.plist;
				INFOPLIST_KEY_UIApplicationSupportsIndirectInputEvents = YES;
				INFOPLIST_KEY_UILaunchStoryboardName = LaunchScreen;
				INFOPLIST_KEY_UIMainStoryboardFile = Main;
				INFOPLIST_KEY_UISupportedInterfaceOrientations_iPad = "UIInterfaceOrientationPortrait UIInterfaceOrientationPortraitUpsideDown UIInterfaceOrientationLandscapeLeft UIInterfaceOrientationLandscapeRight";
				INFOPLIST_KEY_UISupportedInterfaceOrientations_iPhone = "UIInterfaceOrientationPortrait UIInterfaceOrientationLandscapeLeft UIInterfaceOrientationLandscapeRight";
				LD_RUNPATH_SEARCH_PATHS = (
					"$(inherited)",
					"@executable_path/Frameworks",
				);
				MARKETING_VERSION = 1.0;
				PRODUCT_BUNDLE_IDENTIFIER = com.FirstProject.practice1;
				PRODUCT_NAME = "$(TARGET_NAME)";
				SWIFT_EMIT_LOC_STRINGS = YES;
				SWIFT_VERSION = 5.0;
				TARGETED_DEVICE_FAMILY = "1,2";
			};
			name = Debug;
		};
		EC94A3E129F1274800A56BFE /* Release */ = {
			isa = XCBuildConfiguration;
			buildSettings = {
				ASSETCATALOG_COMPILER_APPICON_NAME = AppIcon;
				ASSETCATALOG_COMPILER_GLOBAL_ACCENT_COLOR_NAME = AccentColor;
				CODE_SIGN_STYLE = Automatic;
				CURRENT_PROJECT_VERSION = 1;
				GENERATE_INFOPLIST_FILE = YES;
				INFOPLIST_FILE = practice1/Info.plist;
				INFOPLIST_KEY_UIApplicationSupportsIndirectInputEvents = YES;
				INFOPLIST_KEY_UILaunchStoryboardName = LaunchScreen;
				INFOPLIST_KEY_UIMainStoryboardFile = Main;
				INFOPLIST_KEY_UISupportedInterfaceOrientations_iPad = "UIInterfaceOrientationPortrait UIInterfaceOrientationPortraitUpsideDown UIInterfaceOrientationLandscapeLeft UIInterfaceOrientationLandscapeRight";
				INFOPLIST_KEY_UISupportedInterfaceOrientations_iPhone = "UIInterfaceOrientationPortrait UIInterfaceOrientationLandscapeLeft UIInterfaceOrientationLandscapeRight";
				LD_RUNPATH_SEARCH_PATHS = (
					"$(inherited)",
					"@executable_path/Frameworks",
				);
				MARKETING_VERSION = 1.0;
				PRODUCT_BUNDLE_IDENTIFIER = com.FirstProject.practice1;
				PRODUCT_NAME = "$(TARGET_NAME)";
				SWIFT_EMIT_LOC_STRINGS = YES;
				SWIFT_VERSION = 5.0;
				TARGETED_DEVICE_FAMILY = "1,2";
			};
			name = Release;
		};
		EC94A3E329F1274800A56BFE /* Debug */ = {
			isa = XCBuildConfiguration;
			buildSettings = {
				ALWAYS_EMBED_SWIFT_STANDARD_LIBRARIES = YES;
				BUNDLE_LOADER = "$(TEST_HOST)";
				CODE_SIGN_STYLE = Automatic;
				CURRENT_PROJECT_VERSION = 1;
				GENERATE_INFOPLIST_FILE = YES;
				IPHONEOS_DEPLOYMENT_TARGET = 16.1;
				MARKETING_VERSION = 1.0;
				PRODUCT_BUNDLE_IDENTIFIER = com.FirstProject.practice1Tests;
				PRODUCT_NAME = "$(TARGET_NAME)";
				SWIFT_EMIT_LOC_STRINGS = NO;
				SWIFT_VERSION = 5.0;
				TARGETED_DEVICE_FAMILY = "1,2";
				TEST_HOST = "$(BUILT_PRODUCTS_DIR)/practice1.app/$(BUNDLE_EXECUTABLE_FOLDER_PATH)/practice1";
			};
			name = Debug;
		};
		EC94A3E429F1274800A56BFE /* Release */ = {
			isa = XCBuildConfiguration;
			buildSettings = {
				ALWAYS_EMBED_SWIFT_STANDARD_LIBRARIES = YES;
				BUNDLE_LOADER = "$(TEST_HOST)";
				CODE_SIGN_STYLE = Automatic;
				CURRENT_PROJECT_VERSION = 1;
				GENERATE_INFOPLIST_FILE = YES;
				IPHONEOS_DEPLOYMENT_TARGET = 16.1;
				MARKETING_VERSION = 1.0;
				PRODUCT_BUNDLE_IDENTIFIER = com.FirstProject.practice1Tests;
				PRODUCT_NAME = "$(TARGET_NAME)";
				SWIFT_EMIT_LOC_STRINGS = NO;
				SWIFT_VERSION = 5.0;
				TARGETED_DEVICE_FAMILY = "1,2";
				TEST_HOST = "$(BUILT_PRODUCTS_DIR)/practice1.app/$(BUNDLE_EXECUTABLE_FOLDER_PATH)/practice1";
			};
			name = Release;
		};
		EC94A3E629F1274800A56BFE /* Debug */ = {
			isa = XCBuildConfiguration;
			buildSettings = {
				ALWAYS_EMBED_SWIFT_STANDARD_LIBRARIES = YES;
				CODE_SIGN_STYLE = Automatic;
				CURRENT_PROJECT_VERSION = 1;
				GENERATE_INFOPLIST_FILE = YES;
				MARKETING_VERSION = 1.0;
				PRODUCT_BUNDLE_IDENTIFIER = com.FirstProject.practice1UITests;
				PRODUCT_NAME = "$(TARGET_NAME)";
				SWIFT_EMIT_LOC_STRINGS = NO;
				SWIFT_VERSION = 5.0;
				TARGETED_DEVICE_FAMILY = "1,2";
				TEST_TARGET_NAME = practice1;
			};
			name = Debug;
		};
		EC94A3E729F1274800A56BFE /* Release */ = {
			isa = XCBuildConfiguration;
			buildSettings = {
				ALWAYS_EMBED_SWIFT_STANDARD_LIBRARIES = YES;
				CODE_SIGN_STYLE = Automatic;
				CURRENT_PROJECT_VERSION = 1;
				GENERATE_INFOPLIST_FILE = YES;
				MARKETING_VERSION = 1.0;
				PRODUCT_BUNDLE_IDENTIFIER = com.FirstProject.practice1UITests;
				PRODUCT_NAME = "$(TARGET_NAME)";
				SWIFT_EMIT_LOC_STRINGS = NO;
				SWIFT_VERSION = 5.0;
				TARGETED_DEVICE_FAMILY = "1,2";
				TEST_TARGET_NAME = practice1;
			};
			name = Release;
		};
/* End XCBuildConfiguration section */

/* Begin XCConfigurationList section */
		EC94A3B029F1274600A56BFE /* Build configuration list for PBXProject "practice1" */ = {
			isa = XCConfigurationList;
			buildConfigurations = (
				EC94A3DD29F1274800A56BFE /* Debug */,
				EC94A3DE29F1274800A56BFE /* Release */,
			);
			defaultConfigurationIsVisible = 0;
			defaultConfigurationName = Release;
		};
		EC94A3DF29F1274800A56BFE /* Build configuration list for PBXNativeTarget "practice1" */ = {
			isa = XCConfigurationList;
			buildConfigurations = (
				EC94A3E029F1274800A56BFE /* Debug */,
				EC94A3E129F1274800A56BFE /* Release */,
			);
			defaultConfigurationIsVisible = 0;
			defaultConfigurationName = Release;
		};
		EC94A3E229F1274800A56BFE /* Build configuration list for PBXNativeTarget "practice1Tests" */ = {
			isa = XCConfigurationList;
			buildConfigurations = (
				EC94A3E329F1274800A56BFE /* Debug */,
				EC94A3E429F1274800A56BFE /* Release */,
			);
			defaultConfigurationIsVisible = 0;
			defaultConfigurationName = Release;
		};
		EC94A3E529F1274800A56BFE /* Build configuration list for PBXNativeTarget "practice1UITests" */ = {
			isa = XCConfigurationList;
			buildConfigurations = (
				EC94A3E629F1274800A56BFE /* Debug */,
				EC94A3E729F1274800A56BFE /* Release */,
			);
			defaultConfigurationIsVisible = 0;
			defaultConfigurationName = Release;
		};
/* End XCConfigurationList section */
	};
	rootObject = EC94A3AD29F1274600A56BFE /* Project object */;
}
